Microsoft Visual Studio Solution File, Format Version 12.00
# Visual Studio Version 16
VisualStudioVersion = 16.0.31005.129
MinimumVisualStudioVersion = 10.0.40219.1
Project("{FAE04EC0-301F-11D3-BF4B-00C04F79EFBC}") = "OrderCalculator", "OrderCalculator.csproj", "{8F2D8A8A-2A8D-4C8D-8F2D-8A8A2A8D4C8D}"
EndProject
Project("{FAE04EC0-301F-11D3-BF4B-00C04F79EFBC}") = "OrderCalculator.Tests", "OrderCalculator.Tests\OrderCalculator.Tests.csproj", "{05E2BB88-12EA-4AD7-B397-FCDB408CABB6}"
EndProject
Global
	GlobalSection(SolutionConfigurationPlatforms) = preSolution
		Debug|Any CPU = Debug|Any CPU
		Release|Any CPU = Release|Any CPU
	EndGlobalSection
	GlobalSection(ProjectConfigurationPlatforms) = postSolution
		{8F2D8A8A-2A8D-4C8D-8F2D-8A8A2A8D4C8D}.Debug|Any CPU.ActiveCfg = Debug|Any CPU
		{8F2D8A8A-2A8D-4C8D-8F2D-8A8A2A8D4C8D}.Debug|Any CPU.Build.0 = Debug|Any CPU
		{8F2D8A8A-2A8D-4C8D-8F2D-8A8A2A8D4C8D}.Release|Any CPU.ActiveCfg = Release|Any CPU
		{8F2D8A8A-2A8D-4C8D-8F2D-8A8A2A8D4C8D}.Release|Any CPU.Build.0 = Release|Any CPU
		{05E2BB88-12EA-4AD7-B397-FCDB408CABB6}.Debug|Any CPU.ActiveCfg = Debug|Any CPU
		{05E2BB88-12EA-4AD7-B397-FCDB408CABB6}.Debug|Any CPU.Build.0 = Debug|Any CPU
		{05E2BB88-12EA-4AD7-B397-FCDB408CABB6}.Release|Any CPU.ActiveCfg = Release|Any CPU
		{05E2BB88-12EA-4AD7-B397-FCDB408CABB6}.Release|Any CPU.Build.0 = Release|Any CPU
	EndGlobalSection
	GlobalSection(SolutionProperties) = preSolution
		HideSolutionNode = FALSE
	EndGlobalSection
EndGlobal
